
Microsoft Visual Studio Solution File, Format Version 12.00
# Visual Studio Version 17
VisualStudioVersion = 17.3.32901.215
MinimumVisualStudioVersion = 10.0.40219.1
Project("{FAE04EC0-301F-11D3-BF4B-00C04F79EFBC}") = "Project_MVC", "Project_MVC.csproj", "{349D8E97-F0C4-4488-B1F7-192DB493A232}"
EndProject
Global
	GlobalSection(SolutionConfigurationPlatforms) = preSolution
		Debug|Any CPU = Debug|Any CPU
		Release|Any CPU = Release|Any CPU
	EndGlobalSection
	GlobalSection(ProjectConfigurationPlatforms) = postSolution
		{349D8E97-F0C4-4488-B1F7-192DB493A232}.Debug|Any CPU.ActiveCfg = Debug|Any CPU
		{349D8E97-F0C4-4488-B1F7-192DB493A232}.Debug|Any CPU.Build.0 = Debug|Any CPU
		{349D8E97-F0C4-4488-B1F7-192DB493A232}.Release|Any CPU.ActiveCfg = Release|Any CPU
		{349D8E97-F0C4-4488-B1F7-192DB493A232}.Release|Any CPU.Build.0 = Release|Any CPU
	EndGlobalSection
	GlobalSection(SolutionProperties) = preSolution
		HideSolutionNode = FALSE
	EndGlobalSection
	GlobalSection(ExtensibilityGlobals) = postSolution
		SolutionGuid = {C2EEEC9C-35D5-464D-8441-5413B3961BBE}
	EndGlobalSection
EndGlobal
